// !$*UTF8*$!
{
	archiveVersion = 1;
	classes = {
	};
	objectVersion = 51;
	objects = {

/* Begin PBXBuildFile section */
		6167A3C0DDB2230A119CF2C0 /* Pods_ECommerceSampleProject.framework in Frameworks */ = {isa = PBXBuildFile; fileRef = 3746698656E5255C519FAEC3 /* Pods_ECommerceSampleProject.framework */; };
		D1C034702A1E8570005E3C09 /* AlertVC.swift in Sources */ = {isa = PBXBuildFile; fileRef = D1C0346F2A1E8570005E3C09 /* AlertVC.swift */; };
		D1E868AD29FE6796007B24FD /* CustomView.swift in Sources */ = {isa = PBXBuildFile; fileRef = D1E868AC29FE6796007B24FD /* CustomView.swift */; };
		D1E868B129FE6C56007B24FD /* ProductListViewModel.swift in Sources */ = {isa = PBXBuildFile; fileRef = D1E868B029FE6C56007B24FD /* ProductListViewModel.swift */; };
		D1E868B529FE6CDA007B24FD /* APICall.swift in Sources */ = {isa = PBXBuildFile; fileRef = D1E868B429FE6CDA007B24FD /* APICall.swift */; };
		D1E868B929FE77C7007B24FD /* ProductDetailsVC.swift in Sources */ = {isa = PBXBuildFile; fileRef = D1E868B829FE77C7007B24FD /* ProductDetailsVC.swift */; };
		D1FF948229FE2D290072E881 /* AppDelegate.swift in Sources */ = {isa = PBXBuildFile; fileRef = D1FF948129FE2D290072E881 /* AppDelegate.swift */; };
		D1FF948429FE2D290072E881 /* SceneDelegate.swift in Sources */ = {isa = PBXBuildFile; fileRef = D1FF948329FE2D290072E881 /* SceneDelegate.swift */; };
		D1FF948929FE2D290072E881 /* Main.storyboard in Resources */ = {isa = PBXBuildFile; fileRef = D1FF948729FE2D290072E881 /* Main.storyboard */; };
		D1FF948B29FE2D2B0072E881 /* Assets.xcassets in Resources */ = {isa = PBXBuildFile; fileRef = D1FF948A29FE2D2B0072E881 /* Assets.xcassets */; };
		D1FF948E29FE2D2B0072E881 /* LaunchScreen.storyboard in Resources */ = {isa = PBXBuildFile; fileRef = D1FF948C29FE2D2B0072E881 /* LaunchScreen.storyboard */; };
		D1FF94A129FE39010072E881 /* OnboardingViewController.swift in Sources */ = {isa = PBXBuildFile; fileRef = D1FF94A029FE39010072E881 /* OnboardingViewController.swift */; };
		D1FF94A529FE39910072E881 /* OnboardingModel.swift in Sources */ = {isa = PBXBuildFile; fileRef = D1FF94A429FE39910072E881 /* OnboardingModel.swift */; };
		D1FF94A929FE3A3E0072E881 /* OnboardingCell.swift in Sources */ = {isa = PBXBuildFile; fileRef = D1FF94A829FE3A3E0072E881 /* OnboardingCell.swift */; };
		D1FF94B729FE45070072E881 /* ProductListVC.swift in Sources */ = {isa = PBXBuildFile; fileRef = D1FF94B629FE45070072E881 /* ProductListVC.swift */; };
		D1FF94BA29FE47E70072E881 /* Product.swift in Sources */ = {isa = PBXBuildFile; fileRef = D1FF94B929FE47E70072E881 /* Product.swift */; };
		D1FF94BF29FE49A40072E881 /* ProductCollectionViewCell.swift in Sources */ = {isa = PBXBuildFile; fileRef = D1FF94BD29FE49A40072E881 /* ProductCollectionViewCell.swift */; };
		D1FF94C029FE49A40072E881 /* ProductCollectionViewCell.xib in Resources */ = {isa = PBXBuildFile; fileRef = D1FF94BE29FE49A40072E881 /* ProductCollectionViewCell.xib */; };
/* End PBXBuildFile section */

/* Begin PBXFileReference section */
		315EC8641A0B708CF3A9B3F0 /* Pods-ECommerceSampleProject.debug.xcconfig */ = {isa = PBXFileReference; includeInIndex = 1; lastKnownFileType = text.xcconfig; name = "Pods-ECommerceSampleProject.debug.xcconfig"; path = "Target Support Files/Pods-ECommerceSampleProject/Pods-ECommerceSampleProject.debug.xcconfig"; sourceTree = "<group>"; };
		3746698656E5255C519FAEC3 /* Pods_ECommerceSampleProject.framework */ = {isa = PBXFileReference; explicitFileType = wrapper.framework; includeInIndex = 0; path = Pods_ECommerceSampleProject.framework; sourceTree = BUILT_PRODUCTS_DIR; };
		D1C0346F2A1E8570005E3C09 /* AlertVC.swift */ = {isa = PBXFileReference; lastKnownFileType = sourcecode.swift; path = AlertVC.swift; sourceTree = "<group>"; };
		D1E868AC29FE6796007B24FD /* CustomView.swift */ = {isa = PBXFileReference; lastKnownFileType = sourcecode.swift; path = CustomView.swift; sourceTree = "<group>"; };
		D1E868B029FE6C56007B24FD /* ProductListViewModel.swift */ = {isa = PBXFileReference; lastKnownFileType = sourcecode.swift; path = ProductListViewModel.swift; sourceTree = "<group>"; };
		D1E868B429FE6CDA007B24FD /* APICall.swift */ = {isa = PBXFileReference; lastKnownFileType = sourcecode.swift; path = APICall.swift; sourceTree = "<group>"; };
		D1E868B829FE77C7007B24FD /* ProductDetailsVC.swift */ = {isa = PBXFileReference; lastKnownFileType = sourcecode.swift; path = ProductDetailsVC.swift; sourceTree = "<group>"; };
		D1FF947E29FE2D290072E881 /* ECommerceSampleProject.app */ = {isa = PBXFileReference; explicitFileType = wrapper.application; includeInIndex = 0; path = ECommerceSampleProject.app; sourceTree = BUILT_PRODUCTS_DIR; };
		D1FF948129FE2D290072E881 /* AppDelegate.swift */ = {isa = PBXFileReference; lastKnownFileType = sourcecode.swift; path = AppDelegate.swift; sourceTree = "<group>"; };
		D1FF948329FE2D290072E881 /* SceneDelegate.swift */ = {isa = PBXFileReference; lastKnownFileType = sourcecode.swift; path = SceneDelegate.swift; sourceTree = "<group>"; };
		D1FF948829FE2D290072E881 /* Base */ = {isa = PBXFileReference; lastKnownFileType = file.storyboard; name = Base; path = Base.lproj/Main.storyboard; sourceTree = "<group>"; };
		D1FF948A29FE2D2B0072E881 /* Assets.xcassets */ = {isa = PBXFileReference; lastKnownFileType = folder.assetcatalog; path = Assets.xcassets; sourceTree = "<group>"; };
		D1FF948D29FE2D2B0072E881 /* Base */ = {isa = PBXFileReference; lastKnownFileType = file.storyboard; name = Base; path = Base.lproj/LaunchScreen.storyboard; sourceTree = "<group>"; };
		D1FF948F29FE2D2B0072E881 /* Info.plist */ = {isa = PBXFileReference; lastKnownFileType = text.plist.xml; path = Info.plist; sourceTree = "<group>"; };
		D1FF94A029FE39010072E881 /* OnboardingViewController.swift */ = {isa = PBXFileReference; lastKnownFileType = sourcecode.swift; path = OnboardingViewController.swift; sourceTree = "<group>"; };
		D1FF94A429FE39910072E881 /* OnboardingModel.swift */ = {isa = PBXFileReference; lastKnownFileType = sourcecode.swift; path = OnboardingModel.swift; sourceTree = "<group>"; };
		D1FF94A829FE3A3E0072E881 /* OnboardingCell.swift */ = {isa = PBXFileReference; lastKnownFileType = sourcecode.swift; path = OnboardingCell.swift; sourceTree = "<group>"; };
		D1FF94B629FE45070072E881 /* ProductListVC.swift */ = {isa = PBXFileReference; lastKnownFileType = sourcecode.swift; path = ProductListVC.swift; sourceTree = "<group>"; };
		D1FF94B929FE47E70072E881 /* Product.swift */ = {isa = PBXFileReference; lastKnownFileType = sourcecode.swift; path = Product.swift; sourceTree = "<group>"; };
		D1FF94BD29FE49A40072E881 /* ProductCollectionViewCell.swift */ = {isa = PBXFileReference; lastKnownFileType = sourcecode.swift; path = ProductCollectionViewCell.swift; sourceTree = "<group>"; };
		D1FF94BE29FE49A40072E881 /* ProductCollectionViewCell.xib */ = {isa = PBXFileReference; lastKnownFileType = file.xib; path = ProductCollectionViewCell.xib; sourceTree = "<group>"; };
		ED788782E3CD5F6C07593F24 /* Pods-ECommerceSampleProject.release.xcconfig */ = {isa = PBXFileReference; includeInIndex = 1; lastKnownFileType = text.xcconfig; name = "Pods-ECommerceSampleProject.release.xcconfig"; path = "Target Support Files/Pods-ECommerceSampleProject/Pods-ECommerceSampleProject.release.xcconfig"; sourceTree = "<group>"; };
/* End PBXFileReference section */

/* Begin PBXFrameworksBuildPhase section */
		D1FF947B29FE2D290072E881 /* Frameworks */ = {
			isa = PBXFrameworksBuildPhase;
			buildActionMask = 2147483647;
			files = (
				6167A3C0DDB2230A119CF2C0 /* Pods_ECommerceSampleProject.framework in Frameworks */,
			);
			runOnlyForDeploymentPostprocessing = 0;
		};
/* End PBXFrameworksBuildPhase section */

/* Begin PBXGroup section */
		0A2CE1E96666043E10AE2E02 /* Frameworks */ = {
			isa = PBXGroup;
			children = (
				3746698656E5255C519FAEC3 /* Pods_ECommerceSampleProject.framework */,
			);
			name = Frameworks;
			sourceTree = "<group>";
		};
		AE5E65EC8899825D87B94B5B /* Pods */ = {
			isa = PBXGroup;
			children = (
				315EC8641A0B708CF3A9B3F0 /* Pods-ECommerceSampleProject.debug.xcconfig */,
				ED788782E3CD5F6C07593F24 /* Pods-ECommerceSampleProject.release.xcconfig */,
			);
			path = Pods;
			sourceTree = "<group>";
		};
		D1E868AA29FE6746007B24FD /* Helper */ = {
			isa = PBXGroup;
			children = (
				D1E868AC29FE6796007B24FD /* CustomView.swift */,
				D1E868B429FE6CDA007B24FD /* APICall.swift */,
			);
			path = Helper;
			sourceTree = "<group>";
		};
		D1E868B729FE778E007B24FD /* ProductDetailsVC */ = {
			isa = PBXGroup;
			children = (
				D1E868B829FE77C7007B24FD /* ProductDetailsVC.swift */,
			);
			path = ProductDetailsVC;
			sourceTree = "<group>";
		};
		D1FF947529FE2D290072E881 = {
			isa = PBXGroup;
			children = (
				D1FF948029FE2D290072E881 /* ECommerceSampleProject */,
				D1FF947F29FE2D290072E881 /* Products */,
				AE5E65EC8899825D87B94B5B /* Pods */,
				0A2CE1E96666043E10AE2E02 /* Frameworks */,
			);
			sourceTree = "<group>";
		};
		D1FF947F29FE2D290072E881 /* Products */ = {
			isa = PBXGroup;
			children = (
				D1FF947E29FE2D290072E881 /* ECommerceSampleProject.app */,
			);
			name = Products;
			sourceTree = "<group>";
		};
		D1FF948029FE2D290072E881 /* ECommerceSampleProject */ = {
			isa = PBXGroup;
			children = (
				D1E868AA29FE6746007B24FD /* Helper */,
				D1FF949729FE2E180072E881 /* Application */,
				D1FF94B329FE43F10072E881 /* Resource */,
				D1FF94A329FE39670072E881 /* Model */,
				D1FF94A729FE3A0D0072E881 /* View */,
				D1FF949929FE2E2E0072E881 /* Controller */,
				D1FF949A29FE2E490072E881 /* Storyboard */,
				D1FF948C29FE2D2B0072E881 /* LaunchScreen.storyboard */,
				D1FF948F29FE2D2B0072E881 /* Info.plist */,
				D1C0346F2A1E8570005E3C09 /* AlertVC.swift */,
			);
			path = ECommerceSampleProject;
			sourceTree = "<group>";
		};
		D1FF949729FE2E180072E881 /* Application */ = {
			isa = PBXGroup;
			children = (
				D1FF948129FE2D290072E881 /* AppDelegate.swift */,
				D1FF948329FE2D290072E881 /* SceneDelegate.swift */,
			);
			path = Application;
			sourceTree = "<group>";
		};
		D1FF949929FE2E2E0072E881 /* Controller */ = {
			isa = PBXGroup;
			children = (
				D1E868B729FE778E007B24FD /* ProductDetailsVC */,
				D1FF94B529FE44B30072E881 /* ProductListVC */,
				D1FF949B29FE2EA00072E881 /* Onboarding */,
			);
			path = Controller;
			sourceTree = "<group>";
		};
		D1FF949A29FE2E490072E881 /* Storyboard */ = {
			isa = PBXGroup;
			children = (
				D1FF948729FE2D290072E881 /* Main.storyboard */,
			);
			path = Storyboard;
			sourceTree = "<group>";
		};
		D1FF949B29FE2EA00072E881 /* Onboarding */ = {
			isa = PBXGroup;
			children = (
				D1FF94A029FE39010072E881 /* OnboardingViewController.swift */,
			);
			path = Onboarding;
			sourceTree = "<group>";
		};
		D1FF94A329FE39670072E881 /* Model */ = {
			isa = PBXGroup;
			children = (
				D1FF94A429FE39910072E881 /* OnboardingModel.swift */,
				D1FF94B929FE47E70072E881 /* Product.swift */,
			);
			path = Model;
			sourceTree = "<group>";
		};
		D1FF94A729FE3A0D0072E881 /* View */ = {
			isa = PBXGroup;
			children = (
				D1FF94BC29FE49690072E881 /* ProductCell */,
				D1FF94A829FE3A3E0072E881 /* OnboardingCell.swift */,
			);
			path = View;
			sourceTree = "<group>";
		};
		D1FF94B329FE43F10072E881 /* Resource */ = {
			isa = PBXGroup;
			children = (
				D1FF948A29FE2D2B0072E881 /* Assets.xcassets */,
			);
			path = Resource;
			sourceTree = "<group>";
		};
		D1FF94B529FE44B30072E881 /* ProductListVC */ = {
			isa = PBXGroup;
			children = (
				D1FF94B629FE45070072E881 /* ProductListVC.swift */,
				D1E868B029FE6C56007B24FD /* ProductListViewModel.swift */,
			);
			path = ProductListVC;
			sourceTree = "<group>";
		};
		D1FF94BC29FE49690072E881 /* ProductCell */ = {
			isa = PBXGroup;
			children = (
				D1FF94BD29FE49A40072E881 /* ProductCollectionViewCell.swift */,
				D1FF94BE29FE49A40072E881 /* ProductCollectionViewCell.xib */,
			);
			path = ProductCell;
			sourceTree = "<group>";
		};
/* End PBXGroup section */

/* Begin PBXNativeTarget section */
		D1FF947D29FE2D290072E881 /* ECommerceSampleProject */ = {
			isa = PBXNativeTarget;
			buildConfigurationList = D1FF949229FE2D2B0072E881 /* Build configuration list for PBXNativeTarget "ECommerceSampleProject" */;
			buildPhases = (
				A30810BB76EC23E057885DC9 /* [CP] Check Pods Manifest.lock */,
				D1FF947A29FE2D290072E881 /* Sources */,
				D1FF947B29FE2D290072E881 /* Frameworks */,
				D1FF947C29FE2D290072E881 /* Resources */,
				1161E8B674B94BD0C5CBD3ED /* [CP] Embed Pods Frameworks */,
			);
			buildRules = (
			);
			dependencies = (
			);
			name = ECommerceSampleProject;
			productName = ECommerceSampleProject;
			productReference = D1FF947E29FE2D290072E881 /* ECommerceSampleProject.app */;
			productType = "com.apple.product-type.application";
		};
/* End PBXNativeTarget section */

/* Begin PBXProject section */
		D1FF947629FE2D290072E881 /* Project object */ = {
			isa = PBXProject;
			attributes = {
				LastSwiftUpdateCheck = 1230;
				LastUpgradeCheck = 1230;
				TargetAttributes = {
					D1FF947D29FE2D290072E881 = {
						CreatedOnToolsVersion = 12.3;
					};
				};
			};
			buildConfigurationList = D1FF947929FE2D290072E881 /* Build configuration list for PBXProject "ECommerceSampleProject" */;
			compatibilityVersion = "Xcode 9.3";
			developmentRegion = en;
			hasScannedForEncodings = 0;
			knownRegions = (
				en,
				Base,
			);
			mainGroup = D1FF947529FE2D290072E881;
			productRefGroup = D1FF947F29FE2D290072E881 /* Products */;
			projectDirPath = "";
			projectRoot = "";
			targets = (
				D1FF947D29FE2D290072E881 /* ECommerceSampleProject */,
			);
		};
/* End PBXProject section */

/* Begin PBXResourcesBuildPhase section */
		D1FF947C29FE2D290072E881 /* Resources */ = {
			isa = PBXResourcesBuildPhase;
			buildActionMask = 2147483647;
			files = (
				D1FF948E29FE2D2B0072E881 /* LaunchScreen.storyboard in Resources */,
				D1FF948B29FE2D2B0072E881 /* Assets.xcassets in Resources */,
				D1FF94C029FE49A40072E881 /* ProductCollectionViewCell.xib in Resources */,
				D1FF948929FE2D290072E881 /* Main.storyboard in Resources */,
			);
			runOnlyForDeploymentPostprocessing = 0;
		};
/* End PBXResourcesBuildPhase section */

/* Begin PBXShellScriptBuildPhase section */
		1161E8B674B94BD0C5CBD3ED /* [CP] Embed Pods Frameworks */ = {
			isa = PBXShellScriptBuildPhase;
			buildActionMask = 2147483647;
			files = (
			);
			inputFileListPaths = (
				"${PODS_ROOT}/Target Support Files/Pods-ECommerceSampleProject/Pods-ECommerceSampleProject-frameworks-${CONFIGURATION}-input-files.xcfilelist",
			);
			name = "[CP] Embed Pods Frameworks";
			outputFileListPaths = (
				"${PODS_ROOT}/Target Support Files/Pods-ECommerceSampleProject/Pods-ECommerceSampleProject-frameworks-${CONFIGURATION}-output-files.xcfilelist",
			);
			runOnlyForDeploymentPostprocessing = 0;
			shellPath = /bin/sh;
			shellScript = "\"${PODS_ROOT}/Target Support Files/Pods-ECommerceSampleProject/Pods-ECommerceSampleProject-frameworks.sh\"\n";
			showEnvVarsInLog = 0;
		};
		A30810BB76EC23E057885DC9 /* [CP] Check Pods Manifest.lock */ = {
			isa = PBXShellScriptBuildPhase;
			buildActionMask = 2147483647;
			files = (
			);
			inputFileListPaths = (
			);
			inputPaths = (
				"${PODS_PODFILE_DIR_PATH}/Podfile.lock",
				"${PODS_ROOT}/Manifest.lock",
			);
			name = "[CP] Check Pods Manifest.lock";
			outputFileListPaths = (
			);
			outputPaths = (
				"$(DERIVED_FILE_DIR)/Pods-ECommerceSampleProject-checkManifestLockResult.txt",
			);
			runOnlyForDeploymentPostprocessing = 0;
			shellPath = /bin/sh;
			shellScript = "diff \"${PODS_PODFILE_DIR_PATH}/Podfile.lock\" \"${PODS_ROOT}/Manifest.lock\" > /dev/null\nif [ $? != 0 ] ; then\n    # print error to STDERR\n    echo \"error: The sandbox is not in sync with the Podfile.lock. Run 'pod install' or update your CocoaPods installation.\" >&2\n    exit 1\nfi\n# This output is used by Xcode 'outputs' to avoid re-running this script phase.\necho \"SUCCESS\" > \"${SCRIPT_OUTPUT_FILE_0}\"\n";
			showEnvVarsInLog = 0;
		};
/* End PBXShellScriptBuildPhase section */

/* Begin PBXSourcesBuildPhase section */
		D1FF947A29FE2D290072E881 /* Sources */ = {
			isa = PBXSourcesBuildPhase;
			buildActionMask = 2147483647;
			files = (
				D1FF94A529FE39910072E881 /* OnboardingModel.swift in Sources */,
				D1FF94A929FE3A3E0072E881 /* OnboardingCell.swift in Sources */,
				D1FF94BF29FE49A40072E881 /* ProductCollectionViewCell.swift in Sources */,
				D1C034702A1E8570005E3C09 /* AlertVC.swift in Sources */,
				D1E868B529FE6CDA007B24FD /* APICall.swift in Sources */,
				D1E868AD29FE6796007B24FD /* CustomView.swift in Sources */,
				D1E868B929FE77C7007B24FD /* ProductDetailsVC.swift in Sources */,
				D1FF94B729FE45070072E881 /* ProductListVC.swift in Sources */,
				D1FF948229FE2D290072E881 /* AppDelegate.swift in Sources */,
				D1E868B129FE6C56007B24FD /* ProductListViewModel.swift in Sources */,
				D1FF948429FE2D290072E881 /* SceneDelegate.swift in Sources */,
				D1FF94A129FE39010072E881 /* OnboardingViewController.swift in Sources */,
				D1FF94BA29FE47E70072E881 /* Product.swift in Sources */,
			);
			runOnlyForDeploymentPostprocessing = 0;
		};
/* End PBXSourcesBuildPhase section */

/* Begin PBXVariantGroup section */
		D1FF948729FE2D290072E881 /* Main.storyboard */ = {
			isa = PBXVariantGroup;
			children = (
				D1FF948829FE2D290072E881 /* Base */,
			);
			name = Main.storyboard;
			sourceTree = "<group>";
		};
		D1FF948C29FE2D2B0072E881 /* LaunchScreen.storyboard */ = {
			isa = PBXVariantGroup;
			children = (
				D1FF948D29FE2D2B0072E881 /* Base */,
			);
			name = LaunchScreen.storyboard;
			sourceTree = "<group>";
		};
/* End PBXVariantGroup section */

/* Begin XCBuildConfiguration section */
		D1FF949029FE2D2B0072E881 /* Debug */ = {
			isa = XCBuildConfiguration;
			buildSettings = {
				ALWAYS_SEARCH_USER_PATHS = NO;
				CLANG_ANALYZER_NONNULL = YES;
				CLANG_ANALYZER_NUMBER_OBJECT_CONVERSION = YES_AGGRESSIVE;
				CLANG_CXX_LANGUAGE_STANDARD = "gnu++14";
				CLANG_CXX_LIBRARY = "libc++";
				CLANG_ENABLE_MODULES = YES;
				CLANG_ENABLE_OBJC_ARC = YES;
				CLANG_ENABLE_OBJC_WEAK = YES;
				CLANG_WARN_BLOCK_CAPTURE_AUTORELEASING = YES;
				CLANG_WARN_BOOL_CONVERSION = YES;
				CLANG_WARN_COMMA = YES;
				CLANG_WARN_CONSTANT_CONVERSION = YES;
				CLANG_WARN_DEPRECATED_OBJC_IMPLEMENTATIONS = YES;
				CLANG_WARN_DIRECT_OBJC_ISA_USAGE = YES_ERROR;
				CLANG_WARN_DOCUMENTATION_COMMENTS = YES;
				CLANG_WARN_EMPTY_BODY = YES;
				CLANG_WARN_ENUM_CONVERSION = YES;
				CLANG_WARN_INFINITE_RECURSION = YES;
				CLANG_WARN_INT_CONVERSION = YES;
				CLANG_WARN_NON_LITERAL_NULL_CONVERSION = YES;
				CLANG_WARN_OBJC_IMPLICIT_RETAIN_SELF = YES;
				CLANG_WARN_OBJC_LITERAL_CONVERSION = YES;
				CLANG_WARN_OBJC_ROOT_CLASS = YES_ERROR;
				CLANG_WARN_QUOTED_INCLUDE_IN_FRAMEWORK_HEADER = YES;
				CLANG_WARN_RANGE_LOOP_ANALYSIS = YES;
				CLANG_WARN_STRICT_PROTOTYPES = YES;
				CLANG_WARN_SUSPICIOUS_MOVE = YES;
				CLANG_WARN_UNGUARDED_AVAILABILITY = YES_AGGRESSIVE;
				CLANG_WARN_UNREACHABLE_CODE = YES;
				CLANG_WARN__DUPLICATE_METHOD_MATCH = YES;
				COPY_PHASE_STRIP = NO;
				DEBUG_INFORMATION_FORMAT = dwarf;
				ENABLE_STRICT_OBJC_MSGSEND = YES;
				ENABLE_TESTABILITY = YES;
				GCC_C_LANGUAGE_STANDARD = gnu11;
				GCC_DYNAMIC_NO_PIC = NO;
				GCC_NO_COMMON_BLOCKS = YES;
				GCC_OPTIMIZATION_LEVEL = 0;
				GCC_PREPROCESSOR_DEFINITIONS = (
					"DEBUG=1",
					"$(inherited)",
				);
				GCC_WARN_64_TO_32_BIT_CONVERSION = YES;
				GCC_WARN_ABOUT_RETURN_TYPE = YES_ERROR;
				GCC_WARN_UNDECLARED_SELECTOR = YES;
				GCC_WARN_UNINITIALIZED_AUTOS = YES_AGGRESSIVE;
				GCC_WARN_UNUSED_FUNCTION = YES;
				GCC_WARN_UNUSED_VARIABLE = YES;
				IPHONEOS_DEPLOYMENT_TARGET = 14.3;
				MTL_ENABLE_DEBUG_INFO = INCLUDE_SOURCE;
				MTL_FAST_MATH = YES;
				ONLY_ACTIVE_ARCH = YES;
				SDKROOT = iphoneos;
				SWIFT_ACTIVE_COMPILATION_CONDITIONS = DEBUG;
				SWIFT_OPTIMIZATION_LEVEL = "-Onone";
			};
			name = Debug;
		};
		D1FF949129FE2D2B0072E881 /* Release */ = {
			isa = XCBuildConfiguration;
			buildSettings = {
				ALWAYS_SEARCH_USER_PATHS = NO;
				CLANG_ANALYZER_NONNULL = YES;
				CLANG_ANALYZER_NUMBER_OBJECT_CONVERSION = YES_AGGRESSIVE;
				CLANG_CXX_LANGUAGE_STANDARD = "gnu++14";
				CLANG_CXX_LIBRARY = "libc++";
				CLANG_ENABLE_MODULES = YES;
				CLANG_ENABLE_OBJC_ARC = YES;
				CLANG_ENABLE_OBJC_WEAK = YES;
				CLANG_WARN_BLOCK_CAPTURE_AUTORELEASING = YES;
				CLANG_WARN_BOOL_CONVERSION = YES;
				CLANG_WARN_COMMA = YES;
				CLANG_WARN_CONSTANT_CONVERSION = YES;
				CLANG_WARN_DEPRECATED_OBJC_IMPLEMENTATIONS = YES;
				CLANG_WARN_DIRECT_OBJC_ISA_USAGE = YES_ERROR;
				CLANG_WARN_DOCUMENTATION_COMMENTS = YES;
				CLANG_WARN_EMPTY_BODY = YES;
				CLANG_WARN_ENUM_CONVERSION = YES;
				CLANG_WARN_INFINITE_RECURSION = YES;
				CLANG_WARN_INT_CONVERSION = YES;
				CLANG_WARN_NON_LITERAL_NULL_CONVERSION = YES;
				CLANG_WARN_OBJC_IMPLICIT_RETAIN_SELF = YES;
				CLANG_WARN_OBJC_LITERAL_CONVERSION = YES;
				CLANG_WARN_OBJC_ROOT_CLASS = YES_ERROR;
				CLANG_WARN_QUOTED_INCLUDE_IN_FRAMEWORK_HEADER = YES;
				CLANG_WARN_RANGE_LOOP_ANALYSIS = YES;
				CLANG_WARN_STRICT_PROTOTYPES = YES;
				CLANG_WARN_SUSPICIOUS_MOVE = YES;
				CLANG_WARN_UNGUARDED_AVAILABILITY = YES_AGGRESSIVE;
				CLANG_WARN_UNREACHABLE_CODE = YES;
				CLANG_WARN__DUPLICATE_METHOD_MATCH = YES;
				COPY_PHASE_STRIP = NO;
				DEBUG_INFORMATION_FORMAT = "dwarf-with-dsym";
				ENABLE_NS_ASSERTIONS = NO;
				ENABLE_STRICT_OBJC_MSGSEND = YES;
				GCC_C_LANGUAGE_STANDARD = gnu11;
				GCC_NO_COMMON_BLOCKS = YES;
				GCC_WARN_64_TO_32_BIT_CONVERSION = YES;
				GCC_WARN_ABOUT_RETURN_TYPE = YES_ERROR;
				GCC_WARN_UNDECLARED_SELECTOR = YES;
				GCC_WARN_UNINITIALIZED_AUTOS = YES_AGGRESSIVE;
				GCC_WARN_UNUSED_FUNCTION = YES;
				GCC_WARN_UNUSED_VARIABLE = YES;
				IPHONEOS_DEPLOYMENT_TARGET = 14.3;
				MTL_ENABLE_DEBUG_INFO = NO;
				MTL_FAST_MATH = YES;
				SDKROOT = iphoneos;
				SWIFT_COMPILATION_MODE = wholemodule;
				SWIFT_OPTIMIZATION_LEVEL = "-O";
				VALIDATE_PRODUCT = YES;
			};
			name = Release;
		};
		D1FF949329FE2D2B0072E881 /* Debug */ = {
			isa = XCBuildConfiguration;
			baseConfigurationReference = 315EC8641A0B708CF3A9B3F0 /* Pods-ECommerceSampleProject.debug.xcconfig */;
			buildSettings = {
				ASSETCATALOG_COMPILER_APPICON_NAME = AppIcon;
				ASSETCATALOG_COMPILER_GLOBAL_ACCENT_COLOR_NAME = AccentColor;
				CODE_SIGN_STYLE = Manual;
				DEVELOPMENT_TEAM = "";
				INFOPLIST_FILE = ECommerceSampleProject/Info.plist;
				IPHONEOS_DEPLOYMENT_TARGET = 13.0;
				LD_RUNPATH_SEARCH_PATHS = (
					"$(inherited)",
					"@executable_path/Frameworks",
				);
				PRODUCT_BUNDLE_IDENTIFIER = com.shivam.ECommerceSampleProject;
				PRODUCT_NAME = "$(TARGET_NAME)";
				PROVISIONING_PROFILE_SPECIFIER = "";
				SWIFT_VERSION = 5.0;
				TARGETED_DEVICE_FAMILY = 1;
			};
			name = Debug;
		};
		D1FF949429FE2D2B0072E881 /* Release */ = {
			isa = XCBuildConfiguration;
			baseConfigurationReference = ED788782E3CD5F6C07593F24 /* Pods-ECommerceSampleProject.release.xcconfig */;
			buildSettings = {
				ASSETCATALOG_COMPILER_APPICON_NAME = AppIcon;
				ASSETCATALOG_COMPILER_GLOBAL_ACCENT_COLOR_NAME = AccentColor;
				CODE_SIGN_STYLE = Manual;
				DEVELOPMENT_TEAM = "";
				INFOPLIST_FILE = ECommerceSampleProject/Info.plist;
				IPHONEOS_DEPLOYMENT_TARGET = 13.0;
				LD_RUNPATH_SEARCH_PATHS = (
					"$(inherited)",
					"@executable_path/Frameworks",
				);
				PRODUCT_BUNDLE_IDENTIFIER = com.shivam.ECommerceSampleProject;
				PRODUCT_NAME = "$(TARGET_NAME)";
				PROVISIONING_PROFILE_SPECIFIER = "";
				SWIFT_VERSION = 5.0;
				TARGETED_DEVICE_FAMILY = 1;
			};
			name = Release;
		};
/* End XCBuildConfiguration section */

/* Begin XCConfigurationList section */
		D1FF947929FE2D290072E881 /* Build configuration list for PBXProject "ECommerceSampleProject" */ = {
			isa = XCConfigurationList;
			buildConfigurations = (
				D1FF949029FE2D2B0072E881 /* Debug */,
				D1FF949129FE2D2B0072E881 /* Release */,
			);
			defaultConfigurationIsVisible = 0;
			defaultConfigurationName = Release;
		};
		D1FF949229FE2D2B0072E881 /* Build configuration list for PBXNativeTarget "ECommerceSampleProject" */ = {
			isa = XCConfigurationList;
			buildConfigurations = (
				D1FF949329FE2D2B0072E881 /* Debug */,
				D1FF949429FE2D2B0072E881 /* Release */,
			);
			defaultConfigurationIsVisible = 0;
			defaultConfigurationName = Release;
		};
/* End XCConfigurationList section */
	};
	rootObject = D1FF947629FE2D290072E881 /* Project object */;
}
